
Microsoft Visual Studio Solution File, Format Version 12.00
# Visual Studio Version 16
VisualStudioVersion = 16.0.30611.23
MinimumVisualStudioVersion = 10.0.40219.1
Project("{FAE04EC0-301F-11D3-BF4B-00C04F79EFBC}") = "OCR4", "OCR4\OCR4.csproj", "{702A279C-C87C-4345-9DC7-4EEB9C60079F}"
EndProject
Global
	GlobalSection(SolutionConfigurationPlatforms) = preSolution
		Debug|Any CPU = Debug|Any CPU
		Release|Any CPU = Release|Any CPU
	EndGlobalSection
	GlobalSection(ProjectConfigurationPlatforms) = postSolution
		{702A279C-C87C-4345-9DC7-4EEB9C60079F}.Debug|Any CPU.ActiveCfg = Debug|Any CPU
		{702A279C-C87C-4345-9DC7-4EEB9C60079F}.Debug|Any CPU.Build.0 = Debug|Any CPU
		{702A279C-C87C-4345-9DC7-4EEB9C60079F}.Release|Any CPU.ActiveCfg = Release|Any CPU
		{702A279C-C87C-4345-9DC7-4EEB9C60079F}.Release|Any CPU.Build.0 = Release|Any CPU
	EndGlobalSection
	GlobalSection(SolutionProperties) = preSolution
		HideSolutionNode = FALSE
	EndGlobalSection
	GlobalSection(ExtensibilityGlobals) = postSolution
		SolutionGuid = {91B8B54D-C771-447A-897B-7FA29221BF86}
	EndGlobalSection
EndGlobal
